
Microsoft Visual Studio Solution File, Format Version 12.00
# Visual Studio Version 17
VisualStudioVersion = 17.11.35327.3
MinimumVisualStudioVersion = 10.0.40219.1
Project("{FAE04EC0-301F-11D3-BF4B-00C04F79EFBC}") = "MauiAppMeuCombustivel", "MauiAppMeuCombustivel\MauiAppMeuCombustivel.csproj", "{46C65723-6F20-430D-B2D6-F49BF2E4DECF}"
EndProject
Global
	GlobalSection(SolutionConfigurationPlatforms) = preSolution
		Debug|Any CPU = Debug|Any CPU
		Release|Any CPU = Release|Any CPU
	EndGlobalSection
	GlobalSection(ProjectConfigurationPlatforms) = postSolution
		{46C65723-6F20-430D-B2D6-F49BF2E4DECF}.Debug|Any CPU.ActiveCfg = Debug|Any CPU
		{46C65723-6F20-430D-B2D6-F49BF2E4DECF}.Debug|Any CPU.Build.0 = Debug|Any CPU
		{46C65723-6F20-430D-B2D6-F49BF2E4DECF}.Debug|Any CPU.Deploy.0 = Debug|Any CPU
		{46C65723-6F20-430D-B2D6-F49BF2E4DECF}.Release|Any CPU.ActiveCfg = Release|Any CPU
		{46C65723-6F20-430D-B2D6-F49BF2E4DECF}.Release|Any CPU.Build.0 = Release|Any CPU
		{46C65723-6F20-430D-B2D6-F49BF2E4DECF}.Release|Any CPU.Deploy.0 = Release|Any CPU
	EndGlobalSection
	GlobalSection(SolutionProperties) = preSolution
		HideSolutionNode = FALSE
	EndGlobalSection
	GlobalSection(ExtensibilityGlobals) = postSolution
		SolutionGuid = {1B29C689-C1D3-40AE-8CF6-4B55592171C6}
	EndGlobalSection
EndGlobal
